<?xml version="1.0" encoding="utf-8"?>
<Project ToolsVersion="4.0" xmlns="http://schemas.microsoft.com/developer/msbuild/2003">
  <ItemGroup>
    <Filter Include="Source Files">
      <UniqueIdentifier>{4FC737F1-C7A5-4376-A066-2A32D752A2FF}</UniqueIdentifier>
      <Extensions>cpp;c;cc;cxx;def;odl;idl;hpj;bat;asm;asmx</Extensions>
    </Filter>
    <Filter Include="Header Files">
      <UniqueIdentifier>{93995380-89BD-4b04-88EB-625FBE52EBFB}</UniqueIdentifier>
      <Extensions>h;hh;hpp;hxx;hm;inl;inc;xsd</Extensions>
    </Filter>
    <Filter Include="Resource Files">
      <UniqueIdentifier>{67DA6AB6-F800-4c08-8B7A-83BB121AAD01}</UniqueIdentifier>
      <Extensions>rc;ico;cur;bmp;dlg;rc2;rct;bin;rgs;gif;jpg;jpeg;jpe;resx;tiff;tif;png;wav;mfcribbon-ms</Extensions>
    </Filter>
  </ItemGroup>
  <ItemGroup>
    <None Include="NrrShared.props" />
    <None Include="data\shaders\sprite.glsl" />
    <None Include="data\shaders\common\common2d.glsl" />
    <None Include="data\shaders\common\common.glsl" />
    <None Include="data\shaders\model.glsl" />
    <None Include="data\shaders\common\lighting.glsl" />
    <None Include="data\shaders\level.glsl" />
  </ItemGroup>
  <ItemGroup>
    <ClCompile Include="src\main.cc">
      <Filter>Source Files</Filter>
    </ClCompile>
    <ClCompile Include="src\ecs\entities\entity.cc">
      <Filter>Source Files</Filter>
    </ClCompile>
    <ClCompile Include="src\ecs\common\basepool.cc">
      <Filter>Source Files</Filter>
    </ClCompile>
    <ClCompile Include="..\libraries\imgui\imgui_draw.cpp">
      <Filter>Source Files</Filter>
    </ClCompile>
    <ClCompile Include="..\libraries\imgui\imgui.cpp">
      <Filter>Source Files</Filter>
    </ClCompile>
    <ClCompile Include="src\window\window.cc">
      <Filter>Source Files</Filter>
    </ClCompile>
    <ClCompile Include="src\window\gl\glwindow.cc">
      <Filter>Source Files</Filter>
    </ClCompile>
    <ClCompile Include="src\engine.cc">
      <Filter>Source Files</Filter>
    </ClCompile>
    <ClCompile Include="src\resource\wadarchive.cc">
      <Filter>Source Files</Filter>
    </ClCompile>
    <ClCompile Include="include\nrr\imgui\glimgui.cc">
      <Filter>Source Files</Filter>
    </ClCompile>
    <ClCompile Include="src\resource\texture\texture.cc">
      <Filter>Source Files</Filter>
    </ClCompile>
    <ClCompile Include="src\resource\shader\gl\glshader.cc">
      <Filter>Source Files</Filter>
    </ClCompile>
    <ClCompile Include="src\resource\shader\shader.cc">
      <Filter>Source Files</Filter>
    </ClCompile>
    <ClCompile Include="src\sprite\spriterenderingsystem.cc">
      <Filter>Source Files</Filter>
    </ClCompile>
    <ClCompile Include="src\sprite\spritebatch.cc">
      <Filter>Source Files</Filter>
    </ClCompile>
    <ClCompile Include="src\math\uniformbuffer.cc">
      <Filter>Source Files</Filter>
    </ClCompile>
    <ClCompile Include="src\model\model.cc">
      <Filter>Source Files</Filter>
    </ClCompile>
    <ClCompile Include="src\model\formats\lightwave.cc">
      <Filter>Source Files</Filter>
    </ClCompile>
    <ClCompile Include="src\ui\uisystem.cc">
      <Filter>Source Files</Filter>
    </ClCompile>
    <ClCompile Include="src\util\configparser.cc">
      <Filter>Source Files</Filter>
    </ClCompile>
    <ClCompile Include="src\util\string.cc">
      <Filter>Source Files</Filter>
    </ClCompile>
    <ClCompile Include="src\math\camera.cc">
      <Filter>Source Files</Filter>
    </ClCompile>
    <ClCompile Include="src\math\time.cc">
      <Filter>Source Files</Filter>
    </ClCompile>
    <ClCompile Include="src\math\clock.cc">
      <Filter>Source Files</Filter>
    </ClCompile>
    <ClCompile Include="src\model\formats\lightwavemesh.cc">
      <Filter>Source Files</Filter>
    </ClCompile>
    <ClCompile Include="src\level\level.cc">
      <Filter>Source Files</Filter>
    </ClCompile>
    <ClCompile Include="src\level\levelsystem.cc">
      <Filter>Source Files</Filter>
    </ClCompile>
    <ClCompile Include="src\units\unitinfo.cc">
      <Filter>Source Files</Filter>
    </ClCompile>
    <ClCompile Include="src\math\camerasystem.cc">
      <Filter>Source Files</Filter>
    </ClCompile>
    <ClCompile Include="src\model\modelrenderingsystem.cc">
      <Filter>Source Files</Filter>
    </ClCompile>
  </ItemGroup>
  <ItemGroup>
    <ClInclude Include="include\nrr\ecs\entities\entity.h">
      <Filter>Header Files</Filter>
    </ClInclude>
    <ClInclude Include="include\nrr\engine.h">
      <Filter>Header Files</Filter>
    </ClInclude>
    <ClInclude Include="include\nrr\ecs\common\defines.h">
      <Filter>Header Files</Filter>
    </ClInclude>
    <ClInclude Include="include\nrr\ecs\components\basecomponent.h">
      <Filter>Header Files</Filter>
    </ClInclude>
    <ClInclude Include="include\nrr\ecs\components\component.h">
      <Filter>Header Files</Filter>
    </ClInclude>
    <ClInclude Include="include\nrr\ecs\common\pool.h">
      <Filter>Header Files</Filter>
    </ClInclude>
    <ClInclude Include="include\nrr\ecs\common\basepool.h">
      <Filter>Header Files</Filter>
    </ClInclude>
    <ClInclude Include="include\nrr\ecs\entities\entitymanager.h">
      <Filter>Header Files</Filter>
    </ClInclude>
    <ClInclude Include="include\nrr\window\window.h">
      <Filter>Header Files</Filter>
    </ClInclude>
    <ClInclude Include="include\nrr\window\gl\glwindow.h">
      <Filter>Header Files</Filter>
    </ClInclude>
    <ClInclude Include="include\nrr\model\model.h">
      <Filter>Header Files</Filter>
    </ClInclude>
    <ClInclude Include="include\nrr\resource\resource.h">
      <Filter>Header Files</Filter>
    </ClInclude>
    <ClInclude Include="include\nrr\resource\resourceloader.h">
      <Filter>Header Files</Filter>
    </ClInclude>
    <ClInclude Include="include\nrr\resource\wadarchive.h">
      <Filter>Header Files</Filter>
    </ClInclude>
    <ClInclude Include="include\nrr\imgui\glimgui.h">
      <Filter>Header Files</Filter>
    </ClInclude>
    <ClInclude Include="include\nrr\debug\archiveviewer.h">
      <Filter>Header Files</Filter>
    </ClInclude>
    <ClInclude Include="include\nrr\resource\texture\texture.h">
      <Filter>Header Files</Filter>
    </ClInclude>
    <ClInclude Include="include\nrr\resource\texture\gl\gltexture.h">
      <Filter>Header Files</Filter>
    </ClInclude>
    <ClInclude Include="include\nrr\stb\stb_image.h">
      <Filter>Header Files</Filter>
    </ClInclude>
    <ClInclude Include="include\nrr\debug\glviewer.h">
      <Filter>Header Files</Filter>
    </ClInclude>
    <ClInclude Include="include\nrr\resource\shader\gl\glshader.h">
      <Filter>Header Files</Filter>
    </ClInclude>
    <ClInclude Include="include\nrr\resource\shader\shader.h">
      <Filter>Header Files</Filter>
    </ClInclude>
    <ClInclude Include="include\nrr\util\string.h">
      <Filter>Header Files</Filter>
    </ClInclude>
    <ClInclude Include="include\nrr\ecs\systems\system.h">
      <Filter>Header Files</Filter>
    </ClInclude>
    <ClInclude Include="include\nrr\ecs\systems\basesystem.h">
      <Filter>Header Files</Filter>
    </ClInclude>
    <ClInclude Include="include\nrr\sprite\spritebatch.h">
      <Filter>Header Files</Filter>
    </ClInclude>
    <ClInclude Include="include\nrr\sprite\spriterenderingsystem.h">
      <Filter>Header Files</Filter>
    </ClInclude>
    <ClInclude Include="include\nrr\sprite\sprite.h">
      <Filter>Header Files</Filter>
    </ClInclude>
    <ClInclude Include="include\nrr\math\transform.h">
      <Filter>Header Files</Filter>
    </ClInclude>
    <ClInclude Include="include\nrr\ecs\ecs.h">
      <Filter>Header Files</Filter>
    </ClInclude>
    <ClInclude Include="include\nrr\math\vertexbuffer.h">
      <Filter>Header Files</Filter>
    </ClInclude>
    <ClInclude Include="include\nrr\math\uniformbuffer.h">
      <Filter>Header Files</Filter>
    </ClInclude>
    <ClInclude Include="include\nrr\model\formats\lightwave.h">
      <Filter>Header Files</Filter>
    </ClInclude>
    <ClInclude Include="include\nrr\util\binaryreader.h">
      <Filter>Header Files</Filter>
    </ClInclude>
    <ClInclude Include="include\nrr\util\endian.h">
      <Filter>Header Files</Filter>
    </ClInclude>
    <ClInclude Include="include\nrr\ui\widget.h">
      <Filter>Header Files</Filter>
    </ClInclude>
    <ClInclude Include="include\nrr\ui\uisystem.h">
      <Filter>Header Files</Filter>
    </ClInclude>
    <ClInclude Include="include\nrr\ui\image.h">
      <Filter>Header Files</Filter>
    </ClInclude>
    <ClInclude Include="include\nrr\util\configparser.h">
      <Filter>Header Files</Filter>
    </ClInclude>
    <ClInclude Include="include\nrr\math\camera.h">
      <Filter>Header Files</Filter>
    </ClInclude>
    <ClInclude Include="include\nrr\math\camerasystem.h">
      <Filter>Header Files</Filter>
    </ClInclude>
    <ClInclude Include="include\nrr\math\clock.h">
      <Filter>Header Files</Filter>
    </ClInclude>
    <ClInclude Include="include\nrr\math\time.h">
      <Filter>Header Files</Filter>
    </ClInclude>
    <ClInclude Include="include\nrr\model\modelrenderingsystem.h">
      <Filter>Header Files</Filter>
    </ClInclude>
    <ClInclude Include="include\nrr\debug\ecsviewer.h">
      <Filter>Header Files</Filter>
    </ClInclude>
    <ClInclude Include="include\nrr\math\gl\gluniformbuffer.h">
      <Filter>Header Files</Filter>
    </ClInclude>
    <ClInclude Include="include\nrr\level\level.h">
      <Filter>Header Files</Filter>
    </ClInclude>
    <ClInclude Include="include\nrr\level\map.h">
      <Filter>Header Files</Filter>
    </ClInclude>
    <ClInclude Include="include\nrr\resource\texture\textureatlas.h">
      <Filter>Header Files</Filter>
    </ClInclude>
    <ClInclude Include="include\nrr\resource\texture\gl\gltextureatlas.h">
      <Filter>Header Files</Filter>
    </ClInclude>
    <ClInclude Include="include\nrr\level\levelsystem.h">
      <Filter>Header Files</Filter>
    </ClInclude>
    <ClInclude Include="include\nrr\window\input.h">
      <Filter>Header Files</Filter>
    </ClInclude>
    <ClInclude Include="include\nrr\math\ray.h">
      <Filter>Header Files</Filter>
    </ClInclude>
    <ClInclude Include="include\nrr\units\unitinfo.h">
      <Filter>Header Files</Filter>
    </ClInclude>
  </ItemGroup>
</Project>