<?xml version="1.0" encoding="utf-8"?>
<Project ToolsVersion="4.0" xmlns="http://schemas.microsoft.com/developer/msbuild/2003">
  <ItemGroup>
    <Filter Include="Source Files">
      <UniqueIdentifier>{4FC737F1-C7A5-4376-A066-2A32D752A2FF}</UniqueIdentifier>
      <Extensions>cpp;c;cc;cxx;def;odl;idl;hpj;bat;asm;asmx</Extensions>
    </Filter>
    <Filter Include="Header Files">
      <UniqueIdentifier>{93995380-89BD-4b04-88EB-625FBE52EBFB}</UniqueIdentifier>
      <Extensions>h;hh;hpp;hxx;hm;inl;inc;xsd</Extensions>
    </Filter>
    <Filter Include="Resource Files">
      <UniqueIdentifier>{67DA6AB6-F800-4c08-8B7A-83BB121AAD01}</UniqueIdentifier>
      <Extensions>rc;ico;cur;bmp;dlg;rc2;rct;bin;rgs;gif;jpg;jpeg;jpe;resx;tiff;tif;png;wav;mfcribbon-ms</Extensions>
    </Filter>
  </ItemGroup>
  <ItemGroup>
    <None Include="NrrShared.props" />
  </ItemGroup>
  <ItemGroup>
    <ClCompile Include="src\main.cc">
      <Filter>Source Files</Filter>
    </ClCompile>
    <ClCompile Include="src\ecs\entities\entity.cc">
      <Filter>Source Files</Filter>
    </ClCompile>
    <ClCompile Include="src\ecs\common\basepool.cc">
      <Filter>Source Files</Filter>
    </ClCompile>
    <ClCompile Include="..\libraries\imgui\imgui_draw.cpp">
      <Filter>Source Files</Filter>
    </ClCompile>
    <ClCompile Include="..\libraries\imgui\imgui.cpp">
      <Filter>Source Files</Filter>
    </ClCompile>
    <ClCompile Include="src\window\window.cc">
      <Filter>Source Files</Filter>
    </ClCompile>
    <ClCompile Include="src\window\gl\glwindow.cc">
      <Filter>Source Files</Filter>
    </ClCompile>
    <ClCompile Include="src\engine.cc">
      <Filter>Source Files</Filter>
    </ClCompile>
    <ClCompile Include="src\resource\wadarchive.cc">
      <Filter>Source Files</Filter>
    </ClCompile>
    <ClCompile Include="include\nrr\imgui\glimgui.cc">
      <Filter>Source Files</Filter>
    </ClCompile>
  </ItemGroup>
  <ItemGroup>
    <ClInclude Include="include\nrr\ecs\entities\entity.h">
      <Filter>Header Files</Filter>
    </ClInclude>
    <ClInclude Include="include\nrr\engine.h">
      <Filter>Header Files</Filter>
    </ClInclude>
    <ClInclude Include="include\nrr\ecs\common\defines.h">
      <Filter>Header Files</Filter>
    </ClInclude>
    <ClInclude Include="include\nrr\ecs\components\basecomponent.h">
      <Filter>Header Files</Filter>
    </ClInclude>
    <ClInclude Include="include\nrr\ecs\components\component.h">
      <Filter>Header Files</Filter>
    </ClInclude>
    <ClInclude Include="include\nrr\ecs\common\pool.h">
      <Filter>Header Files</Filter>
    </ClInclude>
    <ClInclude Include="include\nrr\ecs\common\basepool.h">
      <Filter>Header Files</Filter>
    </ClInclude>
    <ClInclude Include="include\nrr\ecs\entities\entitymanager.h">
      <Filter>Header Files</Filter>
    </ClInclude>
    <ClInclude Include="include\nrr\window\window.h">
      <Filter>Header Files</Filter>
    </ClInclude>
    <ClInclude Include="include\nrr\window\gl\glwindow.h">
      <Filter>Header Files</Filter>
    </ClInclude>
    <ClInclude Include="include\nrr\model\formats\lightwavemodel.h">
      <Filter>Header Files</Filter>
    </ClInclude>
    <ClInclude Include="include\nrr\model\model.h">
      <Filter>Header Files</Filter>
    </ClInclude>
    <ClInclude Include="include\nrr\resource\resource.h">
      <Filter>Header Files</Filter>
    </ClInclude>
    <ClInclude Include="include\nrr\resource\resourceloader.h">
      <Filter>Header Files</Filter>
    </ClInclude>
    <ClInclude Include="include\nrr\resource\wadarchive.h">
      <Filter>Header Files</Filter>
    </ClInclude>
    <ClInclude Include="include\nrr\imgui\glimgui.h">
      <Filter>Header Files</Filter>
    </ClInclude>
    <ClInclude Include="include\nrr\debug\archiveviewer.h">
      <Filter>Header Files</Filter>
    </ClInclude>
  </ItemGroup>
</Project>